
Microsoft Visual Studio Solution File, Format Version 12.00
# Visual Studio Version 16
VisualStudioVersion = 16.0.29409.12
MinimumVisualStudioVersion = 10.0.40219.1
Project("{FAE04EC0-301F-11D3-BF4B-00C04F79EFBC}") = "zadanie domowe", "zadanie domowe\zadanie domowe.csproj", "{EEC5C0B7-42BE-4B85-879D-FA878B65307A}"
EndProject
Global
	GlobalSection(SolutionConfigurationPlatforms) = preSolution
		Debug|Any CPU = Debug|Any CPU
		Release|Any CPU = Release|Any CPU
	EndGlobalSection
	GlobalSection(ProjectConfigurationPlatforms) = postSolution
		{EEC5C0B7-42BE-4B85-879D-FA878B65307A}.Debug|Any CPU.ActiveCfg = Debug|Any CPU
		{EEC5C0B7-42BE-4B85-879D-FA878B65307A}.Debug|Any CPU.Build.0 = Debug|Any CPU
		{EEC5C0B7-42BE-4B85-879D-FA878B65307A}.Release|Any CPU.ActiveCfg = Release|Any CPU
		{EEC5C0B7-42BE-4B85-879D-FA878B65307A}.Release|Any CPU.Build.0 = Release|Any CPU
	EndGlobalSection
	GlobalSection(SolutionProperties) = preSolution
		HideSolutionNode = FALSE
	EndGlobalSection
	GlobalSection(ExtensibilityGlobals) = postSolution
		SolutionGuid = {E46C559D-F30B-4A61-A265-F87184360A04}
	EndGlobalSection
EndGlobal
